
Microsoft Visual Studio Solution File, Format Version 12.00
# Visual Studio Version 16
VisualStudioVersion = 16.6.30114.105
MinimumVisualStudioVersion = 15.0.26124.0
Project("{2150E333-8FDC-42A3-9474-1A3956D46DE8}") = "src", "src", "{11BDE3C9-BB06-4C50-9BEC-7061E33D5B11}"
EndProject
Project("{9A19103F-16F7-4668-BE54-9A1E7A4F7556}") = "F0.Minesweeper.App", "production\F0.Minesweeper.App\F0.Minesweeper.App.csproj", "{319F6E1A-29EB-4845-83BF-B75390AA940B}"
EndProject
Project("{9A19103F-16F7-4668-BE54-9A1E7A4F7556}") = "F0.Minesweeper.Components", "production\F0.Minesweeper.Components\F0.Minesweeper.Components.csproj", "{1EC3BCC9-DAA0-4EAC-9990-C37208D6BBEA}"
EndProject
Project("{9A19103F-16F7-4668-BE54-9A1E7A4F7556}") = "F0.Minesweeper.Logic", "production\F0.Minesweeper.Logic\F0.Minesweeper.Logic.csproj", "{6EA471C0-B732-444D-9916-8015A51DA016}"
EndProject
Project("{9A19103F-16F7-4668-BE54-9A1E7A4F7556}") = "F0.Minesweeper.Logic.Abstractions", "production\F0.Minesweeper.Logic.Abstractions\F0.Minesweeper.Logic.Abstractions.csproj", "{853F00A7-AB8F-4AC6-8E90-530EC4775C8E}"
EndProject
Project("{2150E333-8FDC-42A3-9474-1A3956D46DE8}") = "tests", "tests", "{FF757F42-4C90-43DB-9326-8A7018EE6771}"
EndProject
Project("{9A19103F-16F7-4668-BE54-9A1E7A4F7556}") = "F0.Minesweeper.Components.Tests", "test\F0.Minesweeper.Components.Tests\F0.Minesweeper.Components.Tests.csproj", "{3EA0CB66-908B-4A20-AA8D-078958EA9069}"
EndProject
Project("{9A19103F-16F7-4668-BE54-9A1E7A4F7556}") = "F0.Minesweeper.Logic.Tests", "test\F0.Minesweeper.Logic.Tests\F0.Minesweeper.Logic.Tests.csproj", "{0B9717E7-B2F6-4AC7-90C3-F3A5F98D0304}"
EndProject
Global
	GlobalSection(SolutionConfigurationPlatforms) = preSolution
		Debug|Any CPU = Debug|Any CPU
		Debug|x64 = Debug|x64
		Debug|x86 = Debug|x86
		Release|Any CPU = Release|Any CPU
		Release|x64 = Release|x64
		Release|x86 = Release|x86
	EndGlobalSection
	GlobalSection(ProjectConfigurationPlatforms) = postSolution
		{319F6E1A-29EB-4845-83BF-B75390AA940B}.Debug|Any CPU.ActiveCfg = Debug|Any CPU
		{319F6E1A-29EB-4845-83BF-B75390AA940B}.Debug|Any CPU.Build.0 = Debug|Any CPU
		{319F6E1A-29EB-4845-83BF-B75390AA940B}.Debug|x64.ActiveCfg = Debug|Any CPU
		{319F6E1A-29EB-4845-83BF-B75390AA940B}.Debug|x64.Build.0 = Debug|Any CPU
		{319F6E1A-29EB-4845-83BF-B75390AA940B}.Debug|x86.ActiveCfg = Debug|Any CPU
		{319F6E1A-29EB-4845-83BF-B75390AA940B}.Debug|x86.Build.0 = Debug|Any CPU
		{319F6E1A-29EB-4845-83BF-B75390AA940B}.Release|Any CPU.ActiveCfg = Release|Any CPU
		{319F6E1A-29EB-4845-83BF-B75390AA940B}.Release|Any CPU.Build.0 = Release|Any CPU
		{319F6E1A-29EB-4845-83BF-B75390AA940B}.Release|x64.ActiveCfg = Release|Any CPU
		{319F6E1A-29EB-4845-83BF-B75390AA940B}.Release|x64.Build.0 = Release|Any CPU
		{319F6E1A-29EB-4845-83BF-B75390AA940B}.Release|x86.ActiveCfg = Release|Any CPU
		{319F6E1A-29EB-4845-83BF-B75390AA940B}.Release|x86.Build.0 = Release|Any CPU
		{1EC3BCC9-DAA0-4EAC-9990-C37208D6BBEA}.Debug|Any CPU.ActiveCfg = Debug|Any CPU
		{1EC3BCC9-DAA0-4EAC-9990-C37208D6BBEA}.Debug|Any CPU.Build.0 = Debug|Any CPU
		{1EC3BCC9-DAA0-4EAC-9990-C37208D6BBEA}.Debug|x64.ActiveCfg = Debug|Any CPU
		{1EC3BCC9-DAA0-4EAC-9990-C37208D6BBEA}.Debug|x64.Build.0 = Debug|Any CPU
		{1EC3BCC9-DAA0-4EAC-9990-C37208D6BBEA}.Debug|x86.ActiveCfg = Debug|Any CPU
		{1EC3BCC9-DAA0-4EAC-9990-C37208D6BBEA}.Debug|x86.Build.0 = Debug|Any CPU
		{1EC3BCC9-DAA0-4EAC-9990-C37208D6BBEA}.Release|Any CPU.ActiveCfg = Release|Any CPU
		{1EC3BCC9-DAA0-4EAC-9990-C37208D6BBEA}.Release|Any CPU.Build.0 = Release|Any CPU
		{1EC3BCC9-DAA0-4EAC-9990-C37208D6BBEA}.Release|x64.ActiveCfg = Release|Any CPU
		{1EC3BCC9-DAA0-4EAC-9990-C37208D6BBEA}.Release|x64.Build.0 = Release|Any CPU
		{1EC3BCC9-DAA0-4EAC-9990-C37208D6BBEA}.Release|x86.ActiveCfg = Release|Any CPU
		{1EC3BCC9-DAA0-4EAC-9990-C37208D6BBEA}.Release|x86.Build.0 = Release|Any CPU
		{6EA471C0-B732-444D-9916-8015A51DA016}.Debug|Any CPU.ActiveCfg = Debug|Any CPU
		{6EA471C0-B732-444D-9916-8015A51DA016}.Debug|Any CPU.Build.0 = Debug|Any CPU
		{6EA471C0-B732-444D-9916-8015A51DA016}.Debug|x64.ActiveCfg = Debug|Any CPU
		{6EA471C0-B732-444D-9916-8015A51DA016}.Debug|x64.Build.0 = Debug|Any CPU
		{6EA471C0-B732-444D-9916-8015A51DA016}.Debug|x86.ActiveCfg = Debug|Any CPU
		{6EA471C0-B732-444D-9916-8015A51DA016}.Debug|x86.Build.0 = Debug|Any CPU
		{6EA471C0-B732-444D-9916-8015A51DA016}.Release|Any CPU.ActiveCfg = Release|Any CPU
		{6EA471C0-B732-444D-9916-8015A51DA016}.Release|Any CPU.Build.0 = Release|Any CPU
		{6EA471C0-B732-444D-9916-8015A51DA016}.Release|x64.ActiveCfg = Release|Any CPU
		{6EA471C0-B732-444D-9916-8015A51DA016}.Release|x64.Build.0 = Release|Any CPU
		{6EA471C0-B732-444D-9916-8015A51DA016}.Release|x86.ActiveCfg = Release|Any CPU
		{6EA471C0-B732-444D-9916-8015A51DA016}.Release|x86.Build.0 = Release|Any CPU
		{853F00A7-AB8F-4AC6-8E90-530EC4775C8E}.Debug|Any CPU.ActiveCfg = Debug|Any CPU
		{853F00A7-AB8F-4AC6-8E90-530EC4775C8E}.Debug|Any CPU.Build.0 = Debug|Any CPU
		{853F00A7-AB8F-4AC6-8E90-530EC4775C8E}.Debug|x64.ActiveCfg = Debug|Any CPU
		{853F00A7-AB8F-4AC6-8E90-530EC4775C8E}.Debug|x64.Build.0 = Debug|Any CPU
		{853F00A7-AB8F-4AC6-8E90-530EC4775C8E}.Debug|x86.ActiveCfg = Debug|Any CPU
		{853F00A7-AB8F-4AC6-8E90-530EC4775C8E}.Debug|x86.Build.0 = Debug|Any CPU
		{853F00A7-AB8F-4AC6-8E90-530EC4775C8E}.Release|Any CPU.ActiveCfg = Release|Any CPU
		{853F00A7-AB8F-4AC6-8E90-530EC4775C8E}.Release|Any CPU.Build.0 = Release|Any CPU
		{853F00A7-AB8F-4AC6-8E90-530EC4775C8E}.Release|x64.ActiveCfg = Release|Any CPU
		{853F00A7-AB8F-4AC6-8E90-530EC4775C8E}.Release|x64.Build.0 = Release|Any CPU
		{853F00A7-AB8F-4AC6-8E90-530EC4775C8E}.Release|x86.ActiveCfg = Release|Any CPU
		{853F00A7-AB8F-4AC6-8E90-530EC4775C8E}.Release|x86.Build.0 = Release|Any CPU
		{3EA0CB66-908B-4A20-AA8D-078958EA9069}.Debug|Any CPU.ActiveCfg = Debug|Any CPU
		{3EA0CB66-908B-4A20-AA8D-078958EA9069}.Debug|Any CPU.Build.0 = Debug|Any CPU
		{3EA0CB66-908B-4A20-AA8D-078958EA9069}.Debug|x64.ActiveCfg = Debug|Any CPU
		{3EA0CB66-908B-4A20-AA8D-078958EA9069}.Debug|x64.Build.0 = Debug|Any CPU
		{3EA0CB66-908B-4A20-AA8D-078958EA9069}.Debug|x86.ActiveCfg = Debug|Any CPU
		{3EA0CB66-908B-4A20-AA8D-078958EA9069}.Debug|x86.Build.0 = Debug|Any CPU
		{3EA0CB66-908B-4A20-AA8D-078958EA9069}.Release|Any CPU.ActiveCfg = Release|Any CPU
		{3EA0CB66-908B-4A20-AA8D-078958EA9069}.Release|Any CPU.Build.0 = Release|Any CPU
		{3EA0CB66-908B-4A20-AA8D-078958EA9069}.Release|x64.ActiveCfg = Release|Any CPU
		{3EA0CB66-908B-4A20-AA8D-078958EA9069}.Release|x64.Build.0 = Release|Any CPU
		{3EA0CB66-908B-4A20-AA8D-078958EA9069}.Release|x86.ActiveCfg = Release|Any CPU
		{3EA0CB66-908B-4A20-AA8D-078958EA9069}.Release|x86.Build.0 = Release|Any CPU
		{0B9717E7-B2F6-4AC7-90C3-F3A5F98D0304}.Debug|Any CPU.ActiveCfg = Debug|Any CPU
		{0B9717E7-B2F6-4AC7-90C3-F3A5F98D0304}.Debug|Any CPU.Build.0 = Debug|Any CPU
		{0B9717E7-B2F6-4AC7-90C3-F3A5F98D0304}.Debug|x64.ActiveCfg = Debug|Any CPU
		{0B9717E7-B2F6-4AC7-90C3-F3A5F98D0304}.Debug|x64.Build.0 = Debug|Any CPU
		{0B9717E7-B2F6-4AC7-90C3-F3A5F98D0304}.Debug|x86.ActiveCfg = Debug|Any CPU
		{0B9717E7-B2F6-4AC7-90C3-F3A5F98D0304}.Debug|x86.Build.0 = Debug|Any CPU
		{0B9717E7-B2F6-4AC7-90C3-F3A5F98D0304}.Release|Any CPU.ActiveCfg = Release|Any CPU
		{0B9717E7-B2F6-4AC7-90C3-F3A5F98D0304}.Release|Any CPU.Build.0 = Release|Any CPU
		{0B9717E7-B2F6-4AC7-90C3-F3A5F98D0304}.Release|x64.ActiveCfg = Release|Any CPU
		{0B9717E7-B2F6-4AC7-90C3-F3A5F98D0304}.Release|x64.Build.0 = Release|Any CPU
		{0B9717E7-B2F6-4AC7-90C3-F3A5F98D0304}.Release|x86.ActiveCfg = Release|Any CPU
		{0B9717E7-B2F6-4AC7-90C3-F3A5F98D0304}.Release|x86.Build.0 = Release|Any CPU
	EndGlobalSection
	GlobalSection(SolutionProperties) = preSolution
		HideSolutionNode = FALSE
	EndGlobalSection
	GlobalSection(NestedProjects) = preSolution
		{319F6E1A-29EB-4845-83BF-B75390AA940B} = {11BDE3C9-BB06-4C50-9BEC-7061E33D5B11}
		{1EC3BCC9-DAA0-4EAC-9990-C37208D6BBEA} = {11BDE3C9-BB06-4C50-9BEC-7061E33D5B11}
		{6EA471C0-B732-444D-9916-8015A51DA016} = {11BDE3C9-BB06-4C50-9BEC-7061E33D5B11}
		{853F00A7-AB8F-4AC6-8E90-530EC4775C8E} = {11BDE3C9-BB06-4C50-9BEC-7061E33D5B11}
		{3EA0CB66-908B-4A20-AA8D-078958EA9069} = {FF757F42-4C90-43DB-9326-8A7018EE6771}
		{0B9717E7-B2F6-4AC7-90C3-F3A5F98D0304} = {FF757F42-4C90-43DB-9326-8A7018EE6771}
	EndGlobalSection
	GlobalSection(ExtensibilityGlobals) = postSolution
		SolutionGuid = {D682978C-8BF5-40E5-B9E6-47D1FA78D6D8}
	EndGlobalSection
EndGlobal
